
Microsoft Visual Studio Solution File, Format Version 12.00
# Visual Studio Version 16
VisualStudioVersion = 16.0.30406.217
MinimumVisualStudioVersion = 10.0.40219.1
Project("{FAE04EC0-301F-11D3-BF4B-00C04F79EFBC}") = "DutchTreat", "DutchTreat.csproj", "{3456E548-A0B2-428A-8EEE-FA4355441A23}"
EndProject
Global
	GlobalSection(SolutionConfigurationPlatforms) = preSolution
		Debug|Any CPU = Debug|Any CPU
		Release|Any CPU = Release|Any CPU
	EndGlobalSection
	GlobalSection(ProjectConfigurationPlatforms) = postSolution
		{3456E548-A0B2-428A-8EEE-FA4355441A23}.Debug|Any CPU.ActiveCfg = Debug|Any CPU
		{3456E548-A0B2-428A-8EEE-FA4355441A23}.Debug|Any CPU.Build.0 = Debug|Any CPU
		{3456E548-A0B2-428A-8EEE-FA4355441A23}.Release|Any CPU.ActiveCfg = Release|Any CPU
		{3456E548-A0B2-428A-8EEE-FA4355441A23}.Release|Any CPU.Build.0 = Release|Any CPU
	EndGlobalSection
	GlobalSection(SolutionProperties) = preSolution
		HideSolutionNode = FALSE
	EndGlobalSection
	GlobalSection(ExtensibilityGlobals) = postSolution
		SolutionGuid = {D011788C-1141-4509-B66E-90DE56D840FE}
	EndGlobalSection
EndGlobal
